// !$*UTF8*$!
{
	archiveVersion = 1;
	classes = {
	};
	objectVersion = 46;
	objects = {

/* Begin PBXBuildFile section */
		4F6786660CE2A54B55686DE8 /* libPods-HYNetworking.a in Frameworks */ = {isa = PBXBuildFile; fileRef = 4CE863067E5036EFBB708392 /* libPods-HYNetworking.a */; };
		9609A7311D6EBD2500F11E76 /* main.m in Sources */ = {isa = PBXBuildFile; fileRef = 9609A7301D6EBD2500F11E76 /* main.m */; };
		9609A7341D6EBD2500F11E76 /* AppDelegate.m in Sources */ = {isa = PBXBuildFile; fileRef = 9609A7331D6EBD2500F11E76 /* AppDelegate.m */; };
		9609A7371D6EBD2500F11E76 /* ViewController.m in Sources */ = {isa = PBXBuildFile; fileRef = 9609A7361D6EBD2500F11E76 /* ViewController.m */; };
		9609A73A1D6EBD2500F11E76 /* Main.storyboard in Resources */ = {isa = PBXBuildFile; fileRef = 9609A7381D6EBD2500F11E76 /* Main.storyboard */; };
		9609A73C1D6EBD2500F11E76 /* Assets.xcassets in Resources */ = {isa = PBXBuildFile; fileRef = 9609A73B1D6EBD2500F11E76 /* Assets.xcassets */; };
		9609A73F1D6EBD2500F11E76 /* LaunchScreen.storyboard in Resources */ = {isa = PBXBuildFile; fileRef = 9609A73D1D6EBD2500F11E76 /* LaunchScreen.storyboard */; };
		9609A74A1D6EC4F300F11E76 /* HYAPIProxy.m in Sources */ = {isa = PBXBuildFile; fileRef = 9609A7491D6EC4F300F11E76 /* HYAPIProxy.m */; };
		966606731D7967B100FACD49 /* HYAPIManager.m in Sources */ = {isa = PBXBuildFile; fileRef = 966606721D7967B100FACD49 /* HYAPIManager.m */; };
		96A20C611D797BED00D962B2 /* HYBaseAPIManager.m in Sources */ = {isa = PBXBuildFile; fileRef = 96A20C601D797BED00D962B2 /* HYBaseAPIManager.m */; };
		96BA38ED1D7D10680008925F /* HYNetworkContext.m in Sources */ = {isa = PBXBuildFile; fileRef = 96BA38EC1D7D10680008925F /* HYNetworkContext.m */; };
		96BA38EF1D7D13A10008925F /* HYNetworkConfiguration.plist in Resources */ = {isa = PBXBuildFile; fileRef = 96BA38EE1D7D13A10008925F /* HYNetworkConfiguration.plist */; };
		96C43A251D7437C5002A7373 /* HYCommonParams.m in Sources */ = {isa = PBXBuildFile; fileRef = 96C43A241D7437C5002A7373 /* HYCommonParams.m */; };
		96C43A291D752963002A7373 /* HYResponseManager.m in Sources */ = {isa = PBXBuildFile; fileRef = 96C43A281D752963002A7373 /* HYResponseManager.m */; };
		96C43A2D1D7530E0002A7373 /* NSURLRequest+HYNetworkingMethods.m in Sources */ = {isa = PBXBuildFile; fileRef = 96C43A2C1D7530E0002A7373 /* NSURLRequest+HYNetworkingMethods.m */; };
		96C43A311D758550002A7373 /* HYLogger.m in Sources */ = {isa = PBXBuildFile; fileRef = 96C43A301D758550002A7373 /* HYLogger.m */; };
		96C43A341D766CAC002A7373 /* HYRequestManager.m in Sources */ = {isa = PBXBuildFile; fileRef = 96C43A331D766CAC002A7373 /* HYRequestManager.m */; };
		96C43A381D766D5B002A7373 /* HYRequestService.m in Sources */ = {isa = PBXBuildFile; fileRef = 96C43A371D766D5B002A7373 /* HYRequestService.m */; };
		96C43A3B1D766EDD002A7373 /* HYRequestServiceFactory.m in Sources */ = {isa = PBXBuildFile; fileRef = 96C43A3A1D766EDD002A7373 /* HYRequestServiceFactory.m */; };
		96C43A3F1D7671F6002A7373 /* HYCustomRequestService.m in Sources */ = {isa = PBXBuildFile; fileRef = 96C43A3E1D7671F6002A7373 /* HYCustomRequestService.m */; };
		96C43A421D7682D9002A7373 /* NSObject+HYNetworkingMethods.m in Sources */ = {isa = PBXBuildFile; fileRef = 96C43A411D7682D9002A7373 /* NSObject+HYNetworkingMethods.m */; };
		96C43A4A1D783F60002A7373 /* HYTestAPIManager.m in Sources */ = {isa = PBXBuildFile; fileRef = 96C43A491D783F60002A7373 /* HYTestAPIManager.m */; };
/* End PBXBuildFile section */

/* Begin PBXFileReference section */
		4CE863067E5036EFBB708392 /* libPods-HYNetworking.a */ = {isa = PBXFileReference; explicitFileType = archive.ar; includeInIndex = 0; path = "libPods-HYNetworking.a"; sourceTree = BUILT_PRODUCTS_DIR; };
		75ACD643A5BB9431D65F3F69 /* Pods-HYNetworking.release.xcconfig */ = {isa = PBXFileReference; includeInIndex = 1; lastKnownFileType = text.xcconfig; name = "Pods-HYNetworking.release.xcconfig"; path = "Pods/Target Support Files/Pods-HYNetworking/Pods-HYNetworking.release.xcconfig"; sourceTree = "<group>"; };
		9609A72C1D6EBD2400F11E76 /* HYNetworking.app */ = {isa = PBXFileReference; explicitFileType = wrapper.application; includeInIndex = 0; path = HYNetworking.app; sourceTree = BUILT_PRODUCTS_DIR; };
		9609A7301D6EBD2500F11E76 /* main.m */ = {isa = PBXFileReference; lastKnownFileType = sourcecode.c.objc; path = main.m; sourceTree = "<group>"; };
		9609A7321D6EBD2500F11E76 /* AppDelegate.h */ = {isa = PBXFileReference; lastKnownFileType = sourcecode.c.h; path = AppDelegate.h; sourceTree = "<group>"; };
		9609A7331D6EBD2500F11E76 /* AppDelegate.m */ = {isa = PBXFileReference; lastKnownFileType = sourcecode.c.objc; path = AppDelegate.m; sourceTree = "<group>"; };
		9609A7351D6EBD2500F11E76 /* ViewController.h */ = {isa = PBXFileReference; lastKnownFileType = sourcecode.c.h; path = ViewController.h; sourceTree = "<group>"; };
		9609A7361D6EBD2500F11E76 /* ViewController.m */ = {isa = PBXFileReference; lastKnownFileType = sourcecode.c.objc; path = ViewController.m; sourceTree = "<group>"; };
		9609A7391D6EBD2500F11E76 /* Base */ = {isa = PBXFileReference; lastKnownFileType = file.storyboard; name = Base; path = Base.lproj/Main.storyboard; sourceTree = "<group>"; };
		9609A73B1D6EBD2500F11E76 /* Assets.xcassets */ = {isa = PBXFileReference; lastKnownFileType = folder.assetcatalog; path = Assets.xcassets; sourceTree = "<group>"; };
		9609A73E1D6EBD2500F11E76 /* Base */ = {isa = PBXFileReference; lastKnownFileType = file.storyboard; name = Base; path = Base.lproj/LaunchScreen.storyboard; sourceTree = "<group>"; };
		9609A7401D6EBD2500F11E76 /* Info.plist */ = {isa = PBXFileReference; lastKnownFileType = text.plist.xml; path = Info.plist; sourceTree = "<group>"; };
		9609A7481D6EC4F300F11E76 /* HYAPIProxy.h */ = {isa = PBXFileReference; fileEncoding = 4; lastKnownFileType = sourcecode.c.h; name = HYAPIProxy.h; path = HYNetworking/APIProxy/HYAPIProxy.h; sourceTree = "<group>"; };
		9609A7491D6EC4F300F11E76 /* HYAPIProxy.m */ = {isa = PBXFileReference; fileEncoding = 4; lastKnownFileType = sourcecode.c.objc; name = HYAPIProxy.m; path = HYNetworking/APIProxy/HYAPIProxy.m; sourceTree = "<group>"; };
		966606711D7967B100FACD49 /* HYAPIManager.h */ = {isa = PBXFileReference; fileEncoding = 4; lastKnownFileType = sourcecode.c.h; name = HYAPIManager.h; path = HYNetworking/APIManager/HYAPIManager.h; sourceTree = "<group>"; };
		966606721D7967B100FACD49 /* HYAPIManager.m */ = {isa = PBXFileReference; fileEncoding = 4; lastKnownFileType = sourcecode.c.objc; name = HYAPIManager.m; path = HYNetworking/APIManager/HYAPIManager.m; sourceTree = "<group>"; };
		96A20C5F1D797BED00D962B2 /* HYBaseAPIManager.h */ = {isa = PBXFileReference; fileEncoding = 4; lastKnownFileType = sourcecode.c.h; path = HYBaseAPIManager.h; sourceTree = "<group>"; };
		96A20C601D797BED00D962B2 /* HYBaseAPIManager.m */ = {isa = PBXFileReference; fileEncoding = 4; lastKnownFileType = sourcecode.c.objc; path = HYBaseAPIManager.m; sourceTree = "<group>"; };
		96BA38EB1D7D10680008925F /* HYNetworkContext.h */ = {isa = PBXFileReference; fileEncoding = 4; lastKnownFileType = sourcecode.c.h; name = HYNetworkContext.h; path = HYNetworkingCustom/NetworkContext/HYNetworkContext.h; sourceTree = "<group>"; };
		96BA38EC1D7D10680008925F /* HYNetworkContext.m */ = {isa = PBXFileReference; fileEncoding = 4; lastKnownFileType = sourcecode.c.objc; name = HYNetworkContext.m; path = HYNetworkingCustom/NetworkContext/HYNetworkContext.m; sourceTree = "<group>"; };
		96BA38EE1D7D13A10008925F /* HYNetworkConfiguration.plist */ = {isa = PBXFileReference; fileEncoding = 4; lastKnownFileType = text.plist.xml; name = HYNetworkConfiguration.plist; path = HYNetworkingCustom/HYNetworkConfiguration.plist; sourceTree = "<group>"; };
		96C43A231D7437C5002A7373 /* HYCommonParams.h */ = {isa = PBXFileReference; fileEncoding = 4; lastKnownFileType = sourcecode.c.h; name = HYCommonParams.h; path = HYNetworking/CommonParams/HYCommonParams.h; sourceTree = "<group>"; };
		96C43A241D7437C5002A7373 /* HYCommonParams.m */ = {isa = PBXFileReference; fileEncoding = 4; lastKnownFileType = sourcecode.c.objc; name = HYCommonParams.m; path = HYNetworking/CommonParams/HYCommonParams.m; sourceTree = "<group>"; };
		96C43A271D752963002A7373 /* HYResponseManager.h */ = {isa = PBXFileReference; fileEncoding = 4; lastKnownFileType = sourcecode.c.h; name = HYResponseManager.h; path = HYNetworking/ResponseManager/HYResponseManager.h; sourceTree = "<group>"; };
		96C43A281D752963002A7373 /* HYResponseManager.m */ = {isa = PBXFileReference; fileEncoding = 4; lastKnownFileType = sourcecode.c.objc; name = HYResponseManager.m; path = HYNetworking/ResponseManager/HYResponseManager.m; sourceTree = "<group>"; };
		96C43A2B1D7530E0002A7373 /* NSURLRequest+HYNetworkingMethods.h */ = {isa = PBXFileReference; fileEncoding = 4; lastKnownFileType = sourcecode.c.h; name = "NSURLRequest+HYNetworkingMethods.h"; path = "HYNetworking/Categories/NSURLRequest+HYNetworkingMethods.h"; sourceTree = "<group>"; };
		96C43A2C1D7530E0002A7373 /* NSURLRequest+HYNetworkingMethods.m */ = {isa = PBXFileReference; fileEncoding = 4; lastKnownFileType = sourcecode.c.objc; name = "NSURLRequest+HYNetworkingMethods.m"; path = "HYNetworking/Categories/NSURLRequest+HYNetworkingMethods.m"; sourceTree = "<group>"; };
		96C43A2F1D758550002A7373 /* HYLogger.h */ = {isa = PBXFileReference; fileEncoding = 4; lastKnownFileType = sourcecode.c.h; name = HYLogger.h; path = HYNetworking/Logger/HYLogger.h; sourceTree = "<group>"; };
		96C43A301D758550002A7373 /* HYLogger.m */ = {isa = PBXFileReference; fileEncoding = 4; lastKnownFileType = sourcecode.c.objc; name = HYLogger.m; path = HYNetworking/Logger/HYLogger.m; sourceTree = "<group>"; };
		96C43A321D766CAC002A7373 /* HYRequestManager.h */ = {isa = PBXFileReference; fileEncoding = 4; lastKnownFileType = sourcecode.c.h; name = HYRequestManager.h; path = HYNetworking/RequestManager/HYRequestManager.h; sourceTree = "<group>"; };
		96C43A331D766CAC002A7373 /* HYRequestManager.m */ = {isa = PBXFileReference; fileEncoding = 4; lastKnownFileType = sourcecode.c.objc; name = HYRequestManager.m; path = HYNetworking/RequestManager/HYRequestManager.m; sourceTree = "<group>"; };
		96C43A361D766D5B002A7373 /* HYRequestService.h */ = {isa = PBXFileReference; fileEncoding = 4; lastKnownFileType = sourcecode.c.h; name = HYRequestService.h; path = HYNetworking/RequestManager/RequestService/HYRequestService.h; sourceTree = "<group>"; };
		96C43A371D766D5B002A7373 /* HYRequestService.m */ = {isa = PBXFileReference; fileEncoding = 4; lastKnownFileType = sourcecode.c.objc; name = HYRequestService.m; path = HYNetworking/RequestManager/RequestService/HYRequestService.m; sourceTree = "<group>"; };
		96C43A391D766EDD002A7373 /* HYRequestServiceFactory.h */ = {isa = PBXFileReference; fileEncoding = 4; lastKnownFileType = sourcecode.c.h; name = HYRequestServiceFactory.h; path = HYNetworking/RequestManager/RequestService/HYRequestServiceFactory.h; sourceTree = "<group>"; };
		96C43A3A1D766EDD002A7373 /* HYRequestServiceFactory.m */ = {isa = PBXFileReference; fileEncoding = 4; lastKnownFileType = sourcecode.c.objc; name = HYRequestServiceFactory.m; path = HYNetworking/RequestManager/RequestService/HYRequestServiceFactory.m; sourceTree = "<group>"; };
		96C43A3D1D7671F6002A7373 /* HYCustomRequestService.h */ = {isa = PBXFileReference; fileEncoding = 4; lastKnownFileType = sourcecode.c.h; name = HYCustomRequestService.h; path = HYNetworkingCustom/CustomRequestService/HYCustomRequestService.h; sourceTree = "<group>"; };
		96C43A3E1D7671F6002A7373 /* HYCustomRequestService.m */ = {isa = PBXFileReference; fileEncoding = 4; lastKnownFileType = sourcecode.c.objc; name = HYCustomRequestService.m; path = HYNetworkingCustom/CustomRequestService/HYCustomRequestService.m; sourceTree = "<group>"; };
		96C43A401D7682D9002A7373 /* NSObject+HYNetworkingMethods.h */ = {isa = PBXFileReference; fileEncoding = 4; lastKnownFileType = sourcecode.c.h; name = "NSObject+HYNetworkingMethods.h"; path = "HYNetworking/Categories/NSObject+HYNetworkingMethods.h"; sourceTree = "<group>"; };
		96C43A411D7682D9002A7373 /* NSObject+HYNetworkingMethods.m */ = {isa = PBXFileReference; fileEncoding = 4; lastKnownFileType = sourcecode.c.objc; name = "NSObject+HYNetworkingMethods.m"; path = "HYNetworking/Categories/NSObject+HYNetworkingMethods.m"; sourceTree = "<group>"; };
		96C43A481D783F60002A7373 /* HYTestAPIManager.h */ = {isa = PBXFileReference; fileEncoding = 4; lastKnownFileType = sourcecode.c.h; name = HYTestAPIManager.h; path = Test/HYTestAPIManager.h; sourceTree = "<group>"; };
		96C43A491D783F60002A7373 /* HYTestAPIManager.m */ = {isa = PBXFileReference; fileEncoding = 4; lastKnownFileType = sourcecode.c.objc; name = HYTestAPIManager.m; path = Test/HYTestAPIManager.m; sourceTree = "<group>"; };
		AD4E8F17EEE3E71E6454968F /* Pods-HYNetworking.debug.xcconfig */ = {isa = PBXFileReference; includeInIndex = 1; lastKnownFileType = text.xcconfig; name = "Pods-HYNetworking.debug.xcconfig"; path = "Pods/Target Support Files/Pods-HYNetworking/Pods-HYNetworking.debug.xcconfig"; sourceTree = "<group>"; };
/* End PBXFileReference section */

/* Begin PBXFrameworksBuildPhase section */
		9609A7291D6EBD2400F11E76 /* Frameworks */ = {
			isa = PBXFrameworksBuildPhase;
			buildActionMask = 2147483647;
			files = (
				4F6786660CE2A54B55686DE8 /* libPods-HYNetworking.a in Frameworks */,
			);
			runOnlyForDeploymentPostprocessing = 0;
		};
/* End PBXFrameworksBuildPhase section */

/* Begin PBXGroup section */
		39E4AE0FCC3C3718C9AF4FB9 /* Pods */ = {
			isa = PBXGroup;
			children = (
				AD4E8F17EEE3E71E6454968F /* Pods-HYNetworking.debug.xcconfig */,
				75ACD643A5BB9431D65F3F69 /* Pods-HYNetworking.release.xcconfig */,
			);
			name = Pods;
			sourceTree = "<group>";
		};
		5BE73D31020A2518D8A26599 /* Frameworks */ = {
			isa = PBXGroup;
			children = (
				4CE863067E5036EFBB708392 /* libPods-HYNetworking.a */,
			);
			name = Frameworks;
			sourceTree = "<group>";
		};
		9609A7231D6EBD2400F11E76 = {
			isa = PBXGroup;
			children = (
				9609A72E1D6EBD2400F11E76 /* HYNetworking */,
				9609A72D1D6EBD2400F11E76 /* Products */,
				39E4AE0FCC3C3718C9AF4FB9 /* Pods */,
				5BE73D31020A2518D8A26599 /* Frameworks */,
			);
			sourceTree = "<group>";
		};
		9609A72D1D6EBD2400F11E76 /* Products */ = {
			isa = PBXGroup;
			children = (
				9609A72C1D6EBD2400F11E76 /* HYNetworking.app */,
			);
			name = Products;
			sourceTree = "<group>";
		};
		9609A72E1D6EBD2400F11E76 /* HYNetworking */ = {
			isa = PBXGroup;
			children = (
				9609A7461D6EBF0100F11E76 /* HYNetworking */,
				96C43A191D740C69002A7373 /* HYNetworkingCustom */,
				96C43A471D783F41002A7373 /* Test */,
				9609A7321D6EBD2500F11E76 /* AppDelegate.h */,
				9609A7331D6EBD2500F11E76 /* AppDelegate.m */,
				9609A7351D6EBD2500F11E76 /* ViewController.h */,
				9609A7361D6EBD2500F11E76 /* ViewController.m */,
				9609A7381D6EBD2500F11E76 /* Main.storyboard */,
				9609A73B1D6EBD2500F11E76 /* Assets.xcassets */,
				9609A73D1D6EBD2500F11E76 /* LaunchScreen.storyboard */,
				9609A7401D6EBD2500F11E76 /* Info.plist */,
				9609A72F1D6EBD2400F11E76 /* Supporting Files */,
			);
			path = HYNetworking;
			sourceTree = "<group>";
		};
		9609A72F1D6EBD2400F11E76 /* Supporting Files */ = {
			isa = PBXGroup;
			children = (
				9609A7301D6EBD2500F11E76 /* main.m */,
			);
			name = "Supporting Files";
			sourceTree = "<group>";
		};
		9609A7461D6EBF0100F11E76 /* HYNetworking */ = {
			isa = PBXGroup;
			children = (
				96C43A431D77F73E002A7373 /* APIManager */,
				96C43A2E1D7584C4002A7373 /* Logger */,
				96C43A2A1D753059002A7373 /* Categories */,
				96C43A261D752941002A7373 /* ResponseManager */,
				96C43A221D743786002A7373 /* CommonParams */,
				96C43A121D7400A6002A7373 /* RequestManager */,
				9609A7471D6EC4C100F11E76 /* APIProxy */,
			);
			name = HYNetworking;
			sourceTree = "<group>";
		};
		9609A7471D6EC4C100F11E76 /* APIProxy */ = {
			isa = PBXGroup;
			children = (
				9609A7481D6EC4F300F11E76 /* HYAPIProxy.h */,
				9609A7491D6EC4F300F11E76 /* HYAPIProxy.m */,
			);
			name = APIProxy;
			sourceTree = "<group>";
		};
		96A20C5E1D797BED00D962B2 /* APIBaseManager */ = {
			isa = PBXGroup;
			children = (
				96A20C5F1D797BED00D962B2 /* HYBaseAPIManager.h */,
				96A20C601D797BED00D962B2 /* HYBaseAPIManager.m */,
			);
			name = APIBaseManager;
			path = HYNetworkingCustom/APIBaseManager;
			sourceTree = "<group>";
		};
		96BA38EA1D7D10460008925F /* NetworkContext */ = {
			isa = PBXGroup;
			children = (
				96BA38EB1D7D10680008925F /* HYNetworkContext.h */,
				96BA38EC1D7D10680008925F /* HYNetworkContext.m */,
			);
			name = NetworkContext;
			sourceTree = "<group>";
		};
		96C43A121D7400A6002A7373 /* RequestManager */ = {
			isa = PBXGroup;
			children = (
				96C43A351D766D2F002A7373 /* RequestService */,
				96C43A321D766CAC002A7373 /* HYRequestManager.h */,
				96C43A331D766CAC002A7373 /* HYRequestManager.m */,
			);
			name = RequestManager;
			sourceTree = "<group>";
		};
		96C43A191D740C69002A7373 /* HYNetworkingCustom */ = {
			isa = PBXGroup;
			children = (
				96BA38EA1D7D10460008925F /* NetworkContext */,
				96A20C5E1D797BED00D962B2 /* APIBaseManager */,
				96C43A3C1D7671CF002A7373 /* CustomRequestService */,
				96BA38EE1D7D13A10008925F /* HYNetworkConfiguration.plist */,
			);
			name = HYNetworkingCustom;
			sourceTree = "<group>";
		};
		96C43A221D743786002A7373 /* CommonParams */ = {
			isa = PBXGroup;
			children = (
				96C43A231D7437C5002A7373 /* HYCommonParams.h */,
				96C43A241D7437C5002A7373 /* HYCommonParams.m */,
			);
			name = CommonParams;
			sourceTree = "<group>";
		};
		96C43A261D752941002A7373 /* ResponseManager */ = {
			isa = PBXGroup;
			children = (
				96C43A271D752963002A7373 /* HYResponseManager.h */,
				96C43A281D752963002A7373 /* HYResponseManager.m */,
			);
			name = ResponseManager;
			sourceTree = "<group>";
		};
		96C43A2A1D753059002A7373 /* Categories */ = {
			isa = PBXGroup;
			children = (
				96C43A2B1D7530E0002A7373 /* NSURLRequest+HYNetworkingMethods.h */,
				96C43A2C1D7530E0002A7373 /* NSURLRequest+HYNetworkingMethods.m */,
				96C43A401D7682D9002A7373 /* NSObject+HYNetworkingMethods.h */,
				96C43A411D7682D9002A7373 /* NSObject+HYNetworkingMethods.m */,
			);
			name = Categories;
			sourceTree = "<group>";
		};
		96C43A2E1D7584C4002A7373 /* Logger */ = {
			isa = PBXGroup;
			children = (
				96C43A2F1D758550002A7373 /* HYLogger.h */,
				96C43A301D758550002A7373 /* HYLogger.m */,
			);
			name = Logger;
			sourceTree = "<group>";
		};
		96C43A351D766D2F002A7373 /* RequestService */ = {
			isa = PBXGroup;
			children = (
				96C43A361D766D5B002A7373 /* HYRequestService.h */,
				96C43A371D766D5B002A7373 /* HYRequestService.m */,
				96C43A391D766EDD002A7373 /* HYRequestServiceFactory.h */,
				96C43A3A1D766EDD002A7373 /* HYRequestServiceFactory.m */,
			);
			name = RequestService;
			sourceTree = "<group>";
		};
		96C43A3C1D7671CF002A7373 /* CustomRequestService */ = {
			isa = PBXGroup;
			children = (
				96C43A3D1D7671F6002A7373 /* HYCustomRequestService.h */,
				96C43A3E1D7671F6002A7373 /* HYCustomRequestService.m */,
			);
			name = CustomRequestService;
			sourceTree = "<group>";
		};
		96C43A431D77F73E002A7373 /* APIManager */ = {
			isa = PBXGroup;
			children = (
				966606711D7967B100FACD49 /* HYAPIManager.h */,
				966606721D7967B100FACD49 /* HYAPIManager.m */,
			);
			name = APIManager;
			sourceTree = "<group>";
		};
		96C43A471D783F41002A7373 /* Test */ = {
			isa = PBXGroup;
			children = (
				96C43A481D783F60002A7373 /* HYTestAPIManager.h */,
				96C43A491D783F60002A7373 /* HYTestAPIManager.m */,
			);
			name = Test;
			sourceTree = "<group>";
		};
/* End PBXGroup section */

/* Begin PBXNativeTarget section */
		9609A72B1D6EBD2400F11E76 /* HYNetworking */ = {
			isa = PBXNativeTarget;
			buildConfigurationList = 9609A7431D6EBD2500F11E76 /* Build configuration list for PBXNativeTarget "HYNetworking" */;
			buildPhases = (
				8EBC64C27503D037C4917ED3 /* [CP] Check Pods Manifest.lock */,
				9609A7281D6EBD2400F11E76 /* Sources */,
				9609A7291D6EBD2400F11E76 /* Frameworks */,
				9609A72A1D6EBD2400F11E76 /* Resources */,
				1425D6E44E64AD0B2645B411 /* [CP] Embed Pods Frameworks */,
				2C728F0663360FCBE5C21D4D /* [CP] Copy Pods Resources */,
			);
			buildRules = (
			);
			dependencies = (
			);
			name = HYNetworking;
			productName = HYNetworking;
			productReference = 9609A72C1D6EBD2400F11E76 /* HYNetworking.app */;
			productType = "com.apple.product-type.application";
		};
/* End PBXNativeTarget section */

/* Begin PBXProject section */
		9609A7241D6EBD2400F11E76 /* Project object */ = {
			isa = PBXProject;
			attributes = {
				LastUpgradeCheck = 0730;
				ORGANIZATIONNAME = hyyy;
				TargetAttributes = {
					9609A72B1D6EBD2400F11E76 = {
						CreatedOnToolsVersion = 7.3.1;
					};
				};
			};
			buildConfigurationList = 9609A7271D6EBD2400F11E76 /* Build configuration list for PBXProject "HYNetworking" */;
			compatibilityVersion = "Xcode 3.2";
			developmentRegion = English;
			hasScannedForEncodings = 0;
			knownRegions = (
				en,
				Base,
			);
			mainGroup = 9609A7231D6EBD2400F11E76;
			productRefGroup = 9609A72D1D6EBD2400F11E76 /* Products */;
			projectDirPath = "";
			projectRoot = "";
			targets = (
				9609A72B1D6EBD2400F11E76 /* HYNetworking */,
			);
		};
/* End PBXProject section */

/* Begin PBXResourcesBuildPhase section */
		9609A72A1D6EBD2400F11E76 /* Resources */ = {
			isa = PBXResourcesBuildPhase;
			buildActionMask = 2147483647;
			files = (
				9609A73F1D6EBD2500F11E76 /* LaunchScreen.storyboard in Resources */,
				96BA38EF1D7D13A10008925F /* HYNetworkConfiguration.plist in Resources */,
				9609A73C1D6EBD2500F11E76 /* Assets.xcassets in Resources */,
				9609A73A1D6EBD2500F11E76 /* Main.storyboard in Resources */,
			);
			runOnlyForDeploymentPostprocessing = 0;
		};
/* End PBXResourcesBuildPhase section */

/* Begin PBXShellScriptBuildPhase section */
		1425D6E44E64AD0B2645B411 /* [CP] Embed Pods Frameworks */ = {
			isa = PBXShellScriptBuildPhase;
			buildActionMask = 2147483647;
			files = (
			);
			inputPaths = (
			);
			name = "[CP] Embed Pods Frameworks";
			outputPaths = (
			);
			runOnlyForDeploymentPostprocessing = 0;
			shellPath = /bin/sh;
			shellScript = "\"${SRCROOT}/Pods/Target Support Files/Pods-HYNetworking/Pods-HYNetworking-frameworks.sh\"\n";
			showEnvVarsInLog = 0;
		};
		2C728F0663360FCBE5C21D4D /* [CP] Copy Pods Resources */ = {
			isa = PBXShellScriptBuildPhase;
			buildActionMask = 2147483647;
			files = (
			);
			inputPaths = (
			);
			name = "[CP] Copy Pods Resources";
			outputPaths = (
			);
			runOnlyForDeploymentPostprocessing = 0;
			shellPath = /bin/sh;
			shellScript = "\"${SRCROOT}/Pods/Target Support Files/Pods-HYNetworking/Pods-HYNetworking-resources.sh\"\n";
			showEnvVarsInLog = 0;
		};
		8EBC64C27503D037C4917ED3 /* [CP] Check Pods Manifest.lock */ = {
			isa = PBXShellScriptBuildPhase;
			buildActionMask = 2147483647;
			files = (
			);
			inputPaths = (
			);
			name = "[CP] Check Pods Manifest.lock";
			outputPaths = (
			);
			runOnlyForDeploymentPostprocessing = 0;
			shellPath = /bin/sh;
			shellScript = "diff \"${PODS_ROOT}/../Podfile.lock\" \"${PODS_ROOT}/Manifest.lock\" > /dev/null\nif [[ $? != 0 ]] ; then\n    cat << EOM\nerror: The sandbox is not in sync with the Podfile.lock. Run 'pod install' or update your CocoaPods installation.\nEOM\n    exit 1\nfi\n";
			showEnvVarsInLog = 0;
		};
/* End PBXShellScriptBuildPhase section */

/* Begin PBXSourcesBuildPhase section */
		9609A7281D6EBD2400F11E76 /* Sources */ = {
			isa = PBXSourcesBuildPhase;
			buildActionMask = 2147483647;
			files = (
				96C43A3B1D766EDD002A7373 /* HYRequestServiceFactory.m in Sources */,
				9609A74A1D6EC4F300F11E76 /* HYAPIProxy.m in Sources */,
				966606731D7967B100FACD49 /* HYAPIManager.m in Sources */,
				96C43A4A1D783F60002A7373 /* HYTestAPIManager.m in Sources */,
				96C43A311D758550002A7373 /* HYLogger.m in Sources */,
				96C43A341D766CAC002A7373 /* HYRequestManager.m in Sources */,
				96C43A291D752963002A7373 /* HYResponseManager.m in Sources */,
				96C43A3F1D7671F6002A7373 /* HYCustomRequestService.m in Sources */,
				96C43A251D7437C5002A7373 /* HYCommonParams.m in Sources */,
				96C43A381D766D5B002A7373 /* HYRequestService.m in Sources */,
				96A20C611D797BED00D962B2 /* HYBaseAPIManager.m in Sources */,
				9609A7371D6EBD2500F11E76 /* ViewController.m in Sources */,
				96C43A2D1D7530E0002A7373 /* NSURLRequest+HYNetworkingMethods.m in Sources */,
				9609A7341D6EBD2500F11E76 /* AppDelegate.m in Sources */,
				96BA38ED1D7D10680008925F /* HYNetworkContext.m in Sources */,
				9609A7311D6EBD2500F11E76 /* main.m in Sources */,
				96C43A421D7682D9002A7373 /* NSObject+HYNetworkingMethods.m in Sources */,
			);
			runOnlyForDeploymentPostprocessing = 0;
		};
/* End PBXSourcesBuildPhase section */

/* Begin PBXVariantGroup section */
		9609A7381D6EBD2500F11E76 /* Main.storyboard */ = {
			isa = PBXVariantGroup;
			children = (
				9609A7391D6EBD2500F11E76 /* Base */,
			);
			name = Main.storyboard;
			sourceTree = "<group>";
		};
		9609A73D1D6EBD2500F11E76 /* LaunchScreen.storyboard */ = {
			isa = PBXVariantGroup;
			children = (
				9609A73E1D6EBD2500F11E76 /* Base */,
			);
			name = LaunchScreen.storyboard;
			sourceTree = "<group>";
		};
/* End PBXVariantGroup section */

/* Begin XCBuildConfiguration section */
		9609A7411D6EBD2500F11E76 /* Debug */ = {
			isa = XCBuildConfiguration;
			buildSettings = {
				ALWAYS_SEARCH_USER_PATHS = NO;
				CLANG_ANALYZER_NONNULL = YES;
				CLANG_CXX_LANGUAGE_STANDARD = "gnu++0x";
				CLANG_CXX_LIBRARY = "libc++";
				CLANG_ENABLE_MODULES = YES;
				CLANG_ENABLE_OBJC_ARC = YES;
				CLANG_WARN_BOOL_CONVERSION = YES;
				CLANG_WARN_CONSTANT_CONVERSION = YES;
				CLANG_WARN_DIRECT_OBJC_ISA_USAGE = YES_ERROR;
				CLANG_WARN_EMPTY_BODY = YES;
				CLANG_WARN_ENUM_CONVERSION = YES;
				CLANG_WARN_INT_CONVERSION = YES;
				CLANG_WARN_OBJC_ROOT_CLASS = YES_ERROR;
				CLANG_WARN_UNREACHABLE_CODE = YES;
				CLANG_WARN__DUPLICATE_METHOD_MATCH = YES;
				"CODE_SIGN_IDENTITY[sdk=iphoneos*]" = "iPhone Developer";
				COPY_PHASE_STRIP = NO;
				DEBUG_INFORMATION_FORMAT = dwarf;
				ENABLE_STRICT_OBJC_MSGSEND = YES;
				ENABLE_TESTABILITY = YES;
				GCC_C_LANGUAGE_STANDARD = gnu99;
				GCC_DYNAMIC_NO_PIC = NO;
				GCC_NO_COMMON_BLOCKS = YES;
				GCC_OPTIMIZATION_LEVEL = 0;
				GCC_PREPROCESSOR_DEFINITIONS = (
					"DEBUG=1",
					"$(inherited)",
				);
				GCC_WARN_64_TO_32_BIT_CONVERSION = YES;
				GCC_WARN_ABOUT_RETURN_TYPE = YES_ERROR;
				GCC_WARN_UNDECLARED_SELECTOR = YES;
				GCC_WARN_UNINITIALIZED_AUTOS = YES_AGGRESSIVE;
				GCC_WARN_UNUSED_FUNCTION = YES;
				GCC_WARN_UNUSED_VARIABLE = YES;
				IPHONEOS_DEPLOYMENT_TARGET = 9.3;
				MTL_ENABLE_DEBUG_INFO = YES;
				ONLY_ACTIVE_ARCH = YES;
				SDKROOT = iphoneos;
			};
			name = Debug;
		};
		9609A7421D6EBD2500F11E76 /* Release */ = {
			isa = XCBuildConfiguration;
			buildSettings = {
				ALWAYS_SEARCH_USER_PATHS = NO;
				CLANG_ANALYZER_NONNULL = YES;
				CLANG_CXX_LANGUAGE_STANDARD = "gnu++0x";
				CLANG_CXX_LIBRARY = "libc++";
				CLANG_ENABLE_MODULES = YES;
				CLANG_ENABLE_OBJC_ARC = YES;
				CLANG_WARN_BOOL_CONVERSION = YES;
				CLANG_WARN_CONSTANT_CONVERSION = YES;
				CLANG_WARN_DIRECT_OBJC_ISA_USAGE = YES_ERROR;
				CLANG_WARN_EMPTY_BODY = YES;
				CLANG_WARN_ENUM_CONVERSION = YES;
				CLANG_WARN_INT_CONVERSION = YES;
				CLANG_WARN_OBJC_ROOT_CLASS = YES_ERROR;
				CLANG_WARN_UNREACHABLE_CODE = YES;
				CLANG_WARN__DUPLICATE_METHOD_MATCH = YES;
				"CODE_SIGN_IDENTITY[sdk=iphoneos*]" = "iPhone Developer";
				COPY_PHASE_STRIP = NO;
				DEBUG_INFORMATION_FORMAT = "dwarf-with-dsym";
				ENABLE_NS_ASSERTIONS = NO;
				ENABLE_STRICT_OBJC_MSGSEND = YES;
				GCC_C_LANGUAGE_STANDARD = gnu99;
				GCC_NO_COMMON_BLOCKS = YES;
				GCC_WARN_64_TO_32_BIT_CONVERSION = YES;
				GCC_WARN_ABOUT_RETURN_TYPE = YES_ERROR;
				GCC_WARN_UNDECLARED_SELECTOR = YES;
				GCC_WARN_UNINITIALIZED_AUTOS = YES_AGGRESSIVE;
				GCC_WARN_UNUSED_FUNCTION = YES;
				GCC_WARN_UNUSED_VARIABLE = YES;
				IPHONEOS_DEPLOYMENT_TARGET = 9.3;
				MTL_ENABLE_DEBUG_INFO = NO;
				SDKROOT = iphoneos;
				VALIDATE_PRODUCT = YES;
			};
			name = Release;
		};
		9609A7441D6EBD2500F11E76 /* Debug */ = {
			isa = XCBuildConfiguration;
			baseConfigurationReference = AD4E8F17EEE3E71E6454968F /* Pods-HYNetworking.debug.xcconfig */;
			buildSettings = {
				ASSETCATALOG_COMPILER_APPICON_NAME = AppIcon;
				INFOPLIST_FILE = HYNetworking/Info.plist;
				LD_RUNPATH_SEARCH_PATHS = "$(inherited) @executable_path/Frameworks";
				PRODUCT_BUNDLE_IDENTIFIER = com.hyyy.HYNetworking;
				PRODUCT_NAME = "$(TARGET_NAME)";
			};
			name = Debug;
		};
		9609A7451D6EBD2500F11E76 /* Release */ = {
			isa = XCBuildConfiguration;
			baseConfigurationReference = 75ACD643A5BB9431D65F3F69 /* Pods-HYNetworking.release.xcconfig */;
			buildSettings = {
				ASSETCATALOG_COMPILER_APPICON_NAME = AppIcon;
				INFOPLIST_FILE = HYNetworking/Info.plist;
				LD_RUNPATH_SEARCH_PATHS = "$(inherited) @executable_path/Frameworks";
				PRODUCT_BUNDLE_IDENTIFIER = com.hyyy.HYNetworking;
				PRODUCT_NAME = "$(TARGET_NAME)";
			};
			name = Release;
		};
/* End XCBuildConfiguration section */

/* Begin XCConfigurationList section */
		9609A7271D6EBD2400F11E76 /* Build configuration list for PBXProject "HYNetworking" */ = {
			isa = XCConfigurationList;
			buildConfigurations = (
				9609A7411D6EBD2500F11E76 /* Debug */,
				9609A7421D6EBD2500F11E76 /* Release */,
			);
			defaultConfigurationIsVisible = 0;
			defaultConfigurationName = Release;
		};
		9609A7431D6EBD2500F11E76 /* Build configuration list for PBXNativeTarget "HYNetworking" */ = {
			isa = XCConfigurationList;
			buildConfigurations = (
				9609A7441D6EBD2500F11E76 /* Debug */,
				9609A7451D6EBD2500F11E76 /* Release */,
			);
			defaultConfigurationIsVisible = 0;
			defaultConfigurationName = Release;
		};
/* End XCConfigurationList section */
	};
	rootObject = 9609A7241D6EBD2400F11E76 /* Project object */;
}
